
Microsoft Visual Studio Solution File, Format Version 12.00
# Visual Studio Version 17
VisualStudioVersion = 17.9.34607.119
MinimumVisualStudioVersion = 10.0.40219.1
Project("{FAE04EC0-301F-11D3-BF4B-00C04F79EFBC}") = "retelling_spam", "retelling_spam\retelling_spam.csproj", "{79553005-072B-42F3-B844-B25B49C6A015}"
EndProject
Global
	GlobalSection(SolutionConfigurationPlatforms) = preSolution
		Debug|Any CPU = Debug|Any CPU
		Release|Any CPU = Release|Any CPU
	EndGlobalSection
	GlobalSection(ProjectConfigurationPlatforms) = postSolution
		{79553005-072B-42F3-B844-B25B49C6A015}.Debug|Any CPU.ActiveCfg = Debug|Any CPU
		{79553005-072B-42F3-B844-B25B49C6A015}.Debug|Any CPU.Build.0 = Debug|Any CPU
		{79553005-072B-42F3-B844-B25B49C6A015}.Release|Any CPU.ActiveCfg = Release|Any CPU
		{79553005-072B-42F3-B844-B25B49C6A015}.Release|Any CPU.Build.0 = Release|Any CPU
	EndGlobalSection
	GlobalSection(SolutionProperties) = preSolution
		HideSolutionNode = FALSE
	EndGlobalSection
	GlobalSection(ExtensibilityGlobals) = postSolution
		SolutionGuid = {B56E0334-7CDD-4D56-8742-66AD2A046D15}
	EndGlobalSection
EndGlobal
